
Microsoft Visual Studio Solution File, Format Version 12.00
# Visual Studio Version 16
VisualStudioVersion = 16.6.30114.105
MinimumVisualStudioVersion = 10.0.40219.1
Project("{FAE04EC0-301F-11D3-BF4B-00C04F79EFBC}") = "BraveFish.RabbitBattleGear", "BraveFish.RabbitBattleGear\BraveFish.RabbitBattleGear.csproj", "{4E3E31A9-92E4-4E21-9578-644EFED059B3}"
EndProject
Project("{FAE04EC0-301F-11D3-BF4B-00C04F79EFBC}") = "BraveFish.RabbitBattleGearApi", "BraveFish.RabbitBattleGearApi\BraveFish.RabbitBattleGearApi.csproj", "{D1960B2F-AA08-4BB7-A036-83EE63D123FE}"
EndProject
Global
	GlobalSection(SolutionConfigurationPlatforms) = preSolution
		Debug|Any CPU = Debug|Any CPU
		Debug|x64 = Debug|x64
		Debug|x86 = Debug|x86
		Release|Any CPU = Release|Any CPU
		Release|x64 = Release|x64
		Release|x86 = Release|x86
	EndGlobalSection
	GlobalSection(SolutionProperties) = preSolution
		HideSolutionNode = FALSE
	EndGlobalSection
	GlobalSection(ProjectConfigurationPlatforms) = postSolution
		{4E3E31A9-92E4-4E21-9578-644EFED059B3}.Debug|Any CPU.ActiveCfg = Debug|Any CPU
		{4E3E31A9-92E4-4E21-9578-644EFED059B3}.Debug|Any CPU.Build.0 = Debug|Any CPU
		{4E3E31A9-92E4-4E21-9578-644EFED059B3}.Debug|x64.ActiveCfg = Debug|Any CPU
		{4E3E31A9-92E4-4E21-9578-644EFED059B3}.Debug|x64.Build.0 = Debug|Any CPU
		{4E3E31A9-92E4-4E21-9578-644EFED059B3}.Debug|x86.ActiveCfg = Debug|Any CPU
		{4E3E31A9-92E4-4E21-9578-644EFED059B3}.Debug|x86.Build.0 = Debug|Any CPU
		{4E3E31A9-92E4-4E21-9578-644EFED059B3}.Release|Any CPU.ActiveCfg = Release|Any CPU
		{4E3E31A9-92E4-4E21-9578-644EFED059B3}.Release|Any CPU.Build.0 = Release|Any CPU
		{4E3E31A9-92E4-4E21-9578-644EFED059B3}.Release|x64.ActiveCfg = Release|Any CPU
		{4E3E31A9-92E4-4E21-9578-644EFED059B3}.Release|x64.Build.0 = Release|Any CPU
		{4E3E31A9-92E4-4E21-9578-644EFED059B3}.Release|x86.ActiveCfg = Release|Any CPU
		{4E3E31A9-92E4-4E21-9578-644EFED059B3}.Release|x86.Build.0 = Release|Any CPU
		{D1960B2F-AA08-4BB7-A036-83EE63D123FE}.Debug|Any CPU.ActiveCfg = Debug|Any CPU
		{D1960B2F-AA08-4BB7-A036-83EE63D123FE}.Debug|Any CPU.Build.0 = Debug|Any CPU
		{D1960B2F-AA08-4BB7-A036-83EE63D123FE}.Debug|x64.ActiveCfg = Debug|Any CPU
		{D1960B2F-AA08-4BB7-A036-83EE63D123FE}.Debug|x64.Build.0 = Debug|Any CPU
		{D1960B2F-AA08-4BB7-A036-83EE63D123FE}.Debug|x86.ActiveCfg = Debug|Any CPU
		{D1960B2F-AA08-4BB7-A036-83EE63D123FE}.Debug|x86.Build.0 = Debug|Any CPU
		{D1960B2F-AA08-4BB7-A036-83EE63D123FE}.Release|Any CPU.ActiveCfg = Release|Any CPU
		{D1960B2F-AA08-4BB7-A036-83EE63D123FE}.Release|Any CPU.Build.0 = Release|Any CPU
		{D1960B2F-AA08-4BB7-A036-83EE63D123FE}.Release|x64.ActiveCfg = Release|Any CPU
		{D1960B2F-AA08-4BB7-A036-83EE63D123FE}.Release|x64.Build.0 = Release|Any CPU
		{D1960B2F-AA08-4BB7-A036-83EE63D123FE}.Release|x86.ActiveCfg = Release|Any CPU
		{D1960B2F-AA08-4BB7-A036-83EE63D123FE}.Release|x86.Build.0 = Release|Any CPU
	EndGlobalSection
EndGlobal
